
Microsoft Visual Studio Solution File, Format Version 12.00
# Visual Studio Version 17
VisualStudioVersion = 17.7.34221.43
MinimumVisualStudioVersion = 10.0.40219.1
Project("{FAE04EC0-301F-11D3-BF4B-00C04F79EFBC}") = "Tube", "Tube\Tube.csproj", "{72A82BD4-A5A3-4A7A-87B5-276D0F47A90B}"
EndProject
Global
	GlobalSection(SolutionConfigurationPlatforms) = preSolution
		Debug|Any CPU = Debug|Any CPU
		Release|Any CPU = Release|Any CPU
	EndGlobalSection
	GlobalSection(ProjectConfigurationPlatforms) = postSolution
		{72A82BD4-A5A3-4A7A-87B5-276D0F47A90B}.Debug|Any CPU.ActiveCfg = Debug|Any CPU
		{72A82BD4-A5A3-4A7A-87B5-276D0F47A90B}.Debug|Any CPU.Build.0 = Debug|Any CPU
		{72A82BD4-A5A3-4A7A-87B5-276D0F47A90B}.Release|Any CPU.ActiveCfg = Release|Any CPU
		{72A82BD4-A5A3-4A7A-87B5-276D0F47A90B}.Release|Any CPU.Build.0 = Release|Any CPU
	EndGlobalSection
	GlobalSection(SolutionProperties) = preSolution
		HideSolutionNode = FALSE
	EndGlobalSection
	GlobalSection(ExtensibilityGlobals) = postSolution
		SolutionGuid = {9E340F95-52D1-4025-A9B2-B768F4D53F3C}
	EndGlobalSection
EndGlobal
